
Microsoft Visual Studio Solution File, Format Version 12.00
# Visual Studio Version 16
VisualStudioVersion = 16.0.31313.79
MinimumVisualStudioVersion = 10.0.40219.1
Project("{9A19103F-16F7-4668-BE54-9A1E7A4F7556}") = "Challenge389TheMontyHallProblem", "Challenge389TheMontyHallProblem\Challenge389TheMontyHallProblem.csproj", "{DB5807F4-E51C-4211-88E2-396977FA0B44}"
EndProject
Project("{9A19103F-16F7-4668-BE54-9A1E7A4F7556}") = "Challenge387CaeserCipher", "Challenge387CaeserCipher\Challenge387CaeserCipher.csproj", "{74DBE2E6-6BAF-4903-8B6E-959F31A4E22B}"
EndProject
Project("{9A19103F-16F7-4668-BE54-9A1E7A4F7556}") = "Challenge383NecklaceMatching", "Challenge383NecklaceMatching\Challenge383NecklaceMatching.csproj", "{2FDFAD4A-637A-4277-8D60-AAC01269B2B5}"
EndProject
Project("{9A19103F-16F7-4668-BE54-9A1E7A4F7556}") = "Challenge391TheABACABASequence", "Challenge391TheABACABASequence\Challenge391TheABACABASequence.csproj", "{E927EB49-A02A-41BF-9F0C-165213822F97}"
EndProject
Project("{9A19103F-16F7-4668-BE54-9A1E7A4F7556}") = "Challenge393MakingChange", "Challenge393MakingChange\Challenge393MakingChange.csproj", "{BA57F058-9A29-48FB-BBCC-599B2D36C565}"
EndProject
Project("{9A19103F-16F7-4668-BE54-9A1E7A4F7556}") = "Challenge395NonogramRow", "Challenge395NonogramRow\Challenge395NonogramRow.csproj", "{EA793441-6F1A-4603-9A38-FAC070ACFA89}"
EndProject
Project("{FAE04EC0-301F-11D3-BF4B-00C04F79EFBC}") = "Challenge392PancakeSort", "Challenge392PancakeSort\Challenge392PancakeSort.csproj", "{F3D649CB-AB38-407E-B48C-B14A613D8E27}"
EndProject
Global
	GlobalSection(SolutionConfigurationPlatforms) = preSolution
		Debug|Any CPU = Debug|Any CPU
		Release|Any CPU = Release|Any CPU
	EndGlobalSection
	GlobalSection(ProjectConfigurationPlatforms) = postSolution
		{DB5807F4-E51C-4211-88E2-396977FA0B44}.Debug|Any CPU.ActiveCfg = Debug|Any CPU
		{DB5807F4-E51C-4211-88E2-396977FA0B44}.Debug|Any CPU.Build.0 = Debug|Any CPU
		{DB5807F4-E51C-4211-88E2-396977FA0B44}.Release|Any CPU.ActiveCfg = Release|Any CPU
		{DB5807F4-E51C-4211-88E2-396977FA0B44}.Release|Any CPU.Build.0 = Release|Any CPU
		{74DBE2E6-6BAF-4903-8B6E-959F31A4E22B}.Debug|Any CPU.ActiveCfg = Debug|Any CPU
		{74DBE2E6-6BAF-4903-8B6E-959F31A4E22B}.Debug|Any CPU.Build.0 = Debug|Any CPU
		{74DBE2E6-6BAF-4903-8B6E-959F31A4E22B}.Release|Any CPU.ActiveCfg = Release|Any CPU
		{74DBE2E6-6BAF-4903-8B6E-959F31A4E22B}.Release|Any CPU.Build.0 = Release|Any CPU
		{2FDFAD4A-637A-4277-8D60-AAC01269B2B5}.Debug|Any CPU.ActiveCfg = Debug|Any CPU
		{2FDFAD4A-637A-4277-8D60-AAC01269B2B5}.Debug|Any CPU.Build.0 = Debug|Any CPU
		{2FDFAD4A-637A-4277-8D60-AAC01269B2B5}.Release|Any CPU.ActiveCfg = Release|Any CPU
		{2FDFAD4A-637A-4277-8D60-AAC01269B2B5}.Release|Any CPU.Build.0 = Release|Any CPU
		{E927EB49-A02A-41BF-9F0C-165213822F97}.Debug|Any CPU.ActiveCfg = Debug|Any CPU
		{E927EB49-A02A-41BF-9F0C-165213822F97}.Debug|Any CPU.Build.0 = Debug|Any CPU
		{E927EB49-A02A-41BF-9F0C-165213822F97}.Release|Any CPU.ActiveCfg = Release|Any CPU
		{E927EB49-A02A-41BF-9F0C-165213822F97}.Release|Any CPU.Build.0 = Release|Any CPU
		{BA57F058-9A29-48FB-BBCC-599B2D36C565}.Debug|Any CPU.ActiveCfg = Debug|Any CPU
		{BA57F058-9A29-48FB-BBCC-599B2D36C565}.Debug|Any CPU.Build.0 = Debug|Any CPU
		{BA57F058-9A29-48FB-BBCC-599B2D36C565}.Release|Any CPU.ActiveCfg = Release|Any CPU
		{BA57F058-9A29-48FB-BBCC-599B2D36C565}.Release|Any CPU.Build.0 = Release|Any CPU
		{EA793441-6F1A-4603-9A38-FAC070ACFA89}.Debug|Any CPU.ActiveCfg = Debug|Any CPU
		{EA793441-6F1A-4603-9A38-FAC070ACFA89}.Debug|Any CPU.Build.0 = Debug|Any CPU
		{EA793441-6F1A-4603-9A38-FAC070ACFA89}.Release|Any CPU.ActiveCfg = Release|Any CPU
		{EA793441-6F1A-4603-9A38-FAC070ACFA89}.Release|Any CPU.Build.0 = Release|Any CPU
		{F3D649CB-AB38-407E-B48C-B14A613D8E27}.Debug|Any CPU.ActiveCfg = Debug|Any CPU
		{F3D649CB-AB38-407E-B48C-B14A613D8E27}.Debug|Any CPU.Build.0 = Debug|Any CPU
		{F3D649CB-AB38-407E-B48C-B14A613D8E27}.Release|Any CPU.ActiveCfg = Release|Any CPU
		{F3D649CB-AB38-407E-B48C-B14A613D8E27}.Release|Any CPU.Build.0 = Release|Any CPU
	EndGlobalSection
	GlobalSection(SolutionProperties) = preSolution
		HideSolutionNode = FALSE
	EndGlobalSection
	GlobalSection(ExtensibilityGlobals) = postSolution
		SolutionGuid = {331FC4BE-8A2B-4196-AE37-276EC615BDB4}
	EndGlobalSection
EndGlobal
